{
  "name": "tree-sitter-nix",
  "version": "0.0.2",
  "lockfileVersion": 3,
  "requires": true,
  "packages": {
    "": {
      "name": "tree-sitter-nix",
      "version": "0.0.2",
      "license": "MIT",
      "dependencies": {
        "nan": "^2.17.0"
      },
      "devDependencies": {}
    },
    "node_modules/nan": {
      "version": "2.22.1",
      "resolved": "https://registry.npmjs.org/nan/-/nan-2.22.1.tgz",
      "integrity": "sha512-pfRR4ZcNTSm2ZFHaztuvbICf+hyiG6ecA06SfAxoPmuHjvMu0KUIae7Y8GyVkbBqeEIidsmXeYooWIX9+qjfRQ==",
      "license": "MIT"
    }
  }
}
