{
  "nodes": {
    "devshell": {
      "inputs": {
        "nixpkgs": [
          "nixpkgs"
        ]
      },
      "locked": {
        "lastModified": 1728330715,
        "narHash": "sha256-xRJ2nPOXb//u1jaBnDP56M7v5ldavjbtR6lfGqSvcKg=",
        "owner": "numtide",
        "repo": "devshell",
        "rev": "dd6b80932022cea34a019e2bb32f6fa9e494dfef",
        "type": "github"
      },
      "original": {
        "owner": "numtide",
        "repo": "devshell",
        "type": "github"
      }
    },
    "devshell_2": {
      "inputs": {
        "nixpkgs": [
          "lib-extras",
          "nixpkgs"
        ],
        "systems": "systems_2"
      },
      "locked": {
        "lastModified": 1695973661,
        "narHash": "sha256-BP2H4c42GThPIhERtTpV1yCtwQHYHEKdRu7pjrmQAwo=",
        "owner": "numtide",
        "repo": "devshell",
        "rev": "cd4e2fda3150dd2f689caeac07b7f47df5197c31",
        "type": "github"
      },
      "original": {
        "owner": "numtide",
        "repo": "devshell",
        "type": "github"
      }
    },
    "flake-parts": {
      "inputs": {
        "nixpkgs-lib": [
          "nixpkgs"
        ]
      },
      "locked": {
        "lastModified": 1727826117,
        "narHash": "sha256-K5ZLCyfO/Zj9mPFldf3iwS6oZStJcU4tSpiXTMYaaL0=",
        "owner": "hercules-ci",
        "repo": "flake-parts",
        "rev": "3d04084d54bedc3d6b8b736c70ef449225c361b1",
        "type": "github"
      },
      "original": {
        "owner": "hercules-ci",
        "repo": "flake-parts",
        "type": "github"
      }
    },
    "flake-parts_2": {
      "inputs": {
        "nixpkgs-lib": [
          "lib-extras",
          "nixpkgs"
        ]
      },
      "locked": {
        "lastModified": 1696343447,
        "narHash": "sha256-B2xAZKLkkeRFG5XcHHSXXcP7To9Xzr59KXeZiRf4vdQ=",
        "owner": "hercules-ci",
        "repo": "flake-parts",
        "rev": "c9afaba3dfa4085dbd2ccb38dfade5141e33d9d4",
        "type": "github"
      },
      "original": {
        "owner": "hercules-ci",
        "repo": "flake-parts",
        "type": "github"
      }
    },
    "flake-root": {
      "locked": {
        "lastModified": 1692742795,
        "narHash": "sha256-f+Y0YhVCIJ06LemO+3Xx00lIcqQxSKJHXT/yk1RTKxw=",
        "owner": "srid",
        "repo": "flake-root",
        "rev": "d9a70d9c7a5fd7f3258ccf48da9335e9b47c3937",
        "type": "github"
      },
      "original": {
        "owner": "srid",
        "repo": "flake-root",
        "type": "github"
      }
    },
    "flake-utils": {
      "inputs": {
        "systems": "systems"
      },
      "locked": {
        "lastModified": 1694529238,
        "narHash": "sha256-zsNZZGTGnMOf9YpHKJqMSsa0dXbfmxeoJ7xHlrt+xmY=",
        "owner": "numtide",
        "repo": "flake-utils",
        "rev": "ff7b65b44d01cf9ba6a71320833626af21126384",
        "type": "github"
      },
      "original": {
        "owner": "numtide",
        "repo": "flake-utils",
        "type": "github"
      }
    },
    "gomod2nix": {
      "inputs": {
        "flake-utils": "flake-utils",
        "nixpkgs": [
          "nixpkgs"
        ]
      },
      "locked": {
        "lastModified": 1728509152,
        "narHash": "sha256-tQo1rg3TlwgyI8eHnLvZSlQx9d/o2Rb4oF16TfaTOw0=",
        "owner": "nix-community",
        "repo": "gomod2nix",
        "rev": "d5547e530464c562324f171006fc8f639aa01c9f",
        "type": "github"
      },
      "original": {
        "owner": "nix-community",
        "repo": "gomod2nix",
        "type": "github"
      }
    },
    "lib-extras": {
      "inputs": {
        "devshell": "devshell_2",
        "flake-parts": "flake-parts_2",
        "flake-root": "flake-root",
        "nixpkgs": [
          "nixpkgs"
        ],
        "treefmt-nix": "treefmt-nix"
      },
      "locked": {
        "lastModified": 1699974671,
        "narHash": "sha256-4EsuPiX4pGEg8ME9ONn8ebY1ZKYLOp9DRCcdTrOj8sY=",
        "owner": "aldoborrero",
        "repo": "lib-extras",
        "rev": "83c8935af27738b8b155e0077522220d81865269",
        "type": "github"
      },
      "original": {
        "owner": "aldoborrero",
        "repo": "lib-extras",
        "type": "github"
      }
    },
    "nixpkgs": {
      "locked": {
        "lastModified": 1728979988,
        "narHash": "sha256-GBJRnbFLDg0y7ridWJHAP4Nn7oss50/VNgqoXaf/RVk=",
        "owner": "nixos",
        "repo": "nixpkgs",
        "rev": "7881fbfd2e3ed1dfa315fca889b2cfd94be39337",
        "type": "github"
      },
      "original": {
        "owner": "nixos",
        "ref": "nixpkgs-unstable",
        "repo": "nixpkgs",
        "type": "github"
      }
    },
    "root": {
      "inputs": {
        "devshell": "devshell",
        "flake-parts": "flake-parts",
        "gomod2nix": "gomod2nix",
        "lib-extras": "lib-extras",
        "nixpkgs": "nixpkgs",
        "systems": "systems_3",
        "treefmt-nix": "treefmt-nix_2"
      }
    },
    "systems": {
      "locked": {
        "lastModified": 1681028828,
        "narHash": "sha256-Vy1rq5AaRuLzOxct8nz4T6wlgyUR7zLU309k9mBC768=",
        "owner": "nix-systems",
        "repo": "default",
        "rev": "da67096a3b9bf56a91d16901293e51ba5b49a27e",
        "type": "github"
      },
      "original": {
        "owner": "nix-systems",
        "repo": "default",
        "type": "github"
      }
    },
    "systems_2": {
      "locked": {
        "lastModified": 1681028828,
        "narHash": "sha256-Vy1rq5AaRuLzOxct8nz4T6wlgyUR7zLU309k9mBC768=",
        "owner": "nix-systems",
        "repo": "default",
        "rev": "da67096a3b9bf56a91d16901293e51ba5b49a27e",
        "type": "github"
      },
      "original": {
        "owner": "nix-systems",
        "repo": "default",
        "type": "github"
      }
    },
    "systems_3": {
      "locked": {
        "lastModified": 1681028828,
        "narHash": "sha256-Vy1rq5AaRuLzOxct8nz4T6wlgyUR7zLU309k9mBC768=",
        "owner": "nix-systems",
        "repo": "default",
        "rev": "da67096a3b9bf56a91d16901293e51ba5b49a27e",
        "type": "github"
      },
      "original": {
        "owner": "nix-systems",
        "repo": "default",
        "type": "github"
      }
    },
    "treefmt-nix": {
      "inputs": {
        "nixpkgs": [
          "lib-extras",
          "nixpkgs"
        ]
      },
      "locked": {
        "lastModified": 1697388351,
        "narHash": "sha256-63N2eBpKaziIy4R44vjpUu8Nz5fCJY7okKrkixvDQmY=",
        "owner": "numtide",
        "repo": "treefmt-nix",
        "rev": "aae39f64f5ecbe89792d05eacea5cb241891292a",
        "type": "github"
      },
      "original": {
        "owner": "numtide",
        "repo": "treefmt-nix",
        "type": "github"
      }
    },
    "treefmt-nix_2": {
      "inputs": {
        "nixpkgs": [
          "nixpkgs"
        ]
      },
      "locked": {
        "lastModified": 1729077719,
        "narHash": "sha256-zayHqZO9gA1U85c4CPvVSnLV8/cBgc2yVrSKWaKeBUs=",
        "owner": "numtide",
        "repo": "treefmt-nix",
        "rev": "5307ba60125bb024d7e52d71d582eafd511f3fee",
        "type": "github"
      },
      "original": {
        "owner": "numtide",
        "repo": "treefmt-nix",
        "type": "github"
      }
    }
  },
  "root": "root",
  "version": 7
}
